
Microsoft Visual Studio Solution File, Format Version 12.00
# Visual Studio Version 17
VisualStudioVersion = 17.0.31903.59
MinimumVisualStudioVersion = 10.0.40219.1
Project("{9A19103F-16F7-4668-BE54-9A1E7A4F7556}") = "Foundation", "src\Foundation\Foundation.csproj", "{856C325A-2CC0-422C-B964-1BD10EA14C99}"
EndProject
Project("{2150E333-8FDC-42A3-9474-1A3956D46DE8}") = "Solution Items", "Solution Items", "{04685227-468D-440F-A0DB-4E6C01D550CA}"
	ProjectSection(SolutionItems) = preProject
		.editorconfig = .editorconfig
		.gitignore = .gitignore
		build.cmd = build.cmd
		default.ruleset = default.ruleset
		Nuget.config = Nuget.config
		README.md = README.md
		setup.cmd = setup.cmd
		setup.sh = setup.sh
	EndProjectSection
EndProject
Global
	GlobalSection(SolutionConfigurationPlatforms) = preSolution
		Debug|Any CPU = Debug|Any CPU
		Release|Any CPU = Release|Any CPU
	EndGlobalSection
	GlobalSection(ProjectConfigurationPlatforms) = postSolution
		{856C325A-2CC0-422C-B964-1BD10EA14C99}.Debug|Any CPU.ActiveCfg = Debug|Any CPU
		{856C325A-2CC0-422C-B964-1BD10EA14C99}.Debug|Any CPU.Build.0 = Debug|Any CPU
		{856C325A-2CC0-422C-B964-1BD10EA14C99}.Release|Any CPU.ActiveCfg = Release|Any CPU
		{856C325A-2CC0-422C-B964-1BD10EA14C99}.Release|Any CPU.Build.0 = Release|Any CPU
	EndGlobalSection
	GlobalSection(SolutionProperties) = preSolution
		HideSolutionNode = FALSE
	EndGlobalSection
	GlobalSection(ExtensibilityGlobals) = postSolution
		SolutionGuid = {CC916518-501C-4766-BC53-915DECEE5919}
	EndGlobalSection
EndGlobal
